// !$*UTF8*$!
{
	archiveVersion = 1;
	classes = {
	};
	objectVersion = 46;
	objects = {

/* Begin PBXBuildFile section */
		8C8B23811CEDD7E5008BAB68 /* AppDelegate.swift in Sources */ = {isa = PBXBuildFile; fileRef = 8C8B23801CEDD7E5008BAB68 /* AppDelegate.swift */; };
		8C8B23831CEDD7E5008BAB68 /* ViewController.swift in Sources */ = {isa = PBXBuildFile; fileRef = 8C8B23821CEDD7E5008BAB68 /* ViewController.swift */; };
		8C8B23861CEDD7E5008BAB68 /* Main.storyboard in Resources */ = {isa = PBXBuildFile; fileRef = 8C8B23841CEDD7E5008BAB68 /* Main.storyboard */; };
		8C8B23881CEDD7E5008BAB68 /* Assets.xcassets in Resources */ = {isa = PBXBuildFile; fileRef = 8C8B23871CEDD7E5008BAB68 /* Assets.xcassets */; };
		8C8B238B1CEDD7E5008BAB68 /* LaunchScreen.storyboard in Resources */ = {isa = PBXBuildFile; fileRef = 8C8B23891CEDD7E5008BAB68 /* LaunchScreen.storyboard */; };
		8C8B23961CEDD7E5008BAB68 /* SaleTests.swift in Sources */ = {isa = PBXBuildFile; fileRef = 8C8B23951CEDD7E5008BAB68 /* SaleTests.swift */; };
		8C8B23A21CEDD874008BAB68 /* Sale.swift in Sources */ = {isa = PBXBuildFile; fileRef = 8C8B23A11CEDD874008BAB68 /* Sale.swift */; };
/* End PBXBuildFile section */

/* Begin PBXContainerItemProxy section */
		8C8B23921CEDD7E5008BAB68 /* PBXContainerItemProxy */ = {
			isa = PBXContainerItemProxy;
			containerPortal = 8C8B23751CEDD7E5008BAB68 /* Project object */;
			proxyType = 1;
			remoteGlobalIDString = 8C8B237C1CEDD7E5008BAB68;
			remoteInfo = TestDoublesSwift;
		};
/* End PBXContainerItemProxy section */

/* Begin PBXFileReference section */
		8C8B237D1CEDD7E5008BAB68 /* TestDoublesSwift.app */ = {isa = PBXFileReference; explicitFileType = wrapper.application; includeInIndex = 0; path = TestDoublesSwift.app; sourceTree = BUILT_PRODUCTS_DIR; };
		8C8B23801CEDD7E5008BAB68 /* AppDelegate.swift */ = {isa = PBXFileReference; lastKnownFileType = sourcecode.swift; path = AppDelegate.swift; sourceTree = "<group>"; };
		8C8B23821CEDD7E5008BAB68 /* ViewController.swift */ = {isa = PBXFileReference; lastKnownFileType = sourcecode.swift; path = ViewController.swift; sourceTree = "<group>"; };
		8C8B23851CEDD7E5008BAB68 /* Base */ = {isa = PBXFileReference; lastKnownFileType = file.storyboard; name = Base; path = Base.lproj/Main.storyboard; sourceTree = "<group>"; };
		8C8B23871CEDD7E5008BAB68 /* Assets.xcassets */ = {isa = PBXFileReference; lastKnownFileType = folder.assetcatalog; path = Assets.xcassets; sourceTree = "<group>"; };
		8C8B238A1CEDD7E5008BAB68 /* Base */ = {isa = PBXFileReference; lastKnownFileType = file.storyboard; name = Base; path = Base.lproj/LaunchScreen.storyboard; sourceTree = "<group>"; };
		8C8B238C1CEDD7E5008BAB68 /* Info.plist */ = {isa = PBXFileReference; lastKnownFileType = text.plist.xml; path = Info.plist; sourceTree = "<group>"; };
		8C8B23911CEDD7E5008BAB68 /* TestDoublesSwiftTests.xctest */ = {isa = PBXFileReference; explicitFileType = wrapper.cfbundle; includeInIndex = 0; path = TestDoublesSwiftTests.xctest; sourceTree = BUILT_PRODUCTS_DIR; };
		8C8B23951CEDD7E5008BAB68 /* SaleTests.swift */ = {isa = PBXFileReference; lastKnownFileType = sourcecode.swift; path = SaleTests.swift; sourceTree = "<group>"; };
		8C8B23971CEDD7E5008BAB68 /* Info.plist */ = {isa = PBXFileReference; lastKnownFileType = text.plist.xml; path = Info.plist; sourceTree = "<group>"; };
		8C8B23A11CEDD874008BAB68 /* Sale.swift */ = {isa = PBXFileReference; fileEncoding = 4; lastKnownFileType = sourcecode.swift; path = Sale.swift; sourceTree = "<group>"; };
/* End PBXFileReference section */

/* Begin PBXFrameworksBuildPhase section */
		8C8B237A1CEDD7E5008BAB68 /* Frameworks */ = {
			isa = PBXFrameworksBuildPhase;
			buildActionMask = 2147483647;
			files = (
			);
			runOnlyForDeploymentPostprocessing = 0;
		};
		8C8B238E1CEDD7E5008BAB68 /* Frameworks */ = {
			isa = PBXFrameworksBuildPhase;
			buildActionMask = 2147483647;
			files = (
			);
			runOnlyForDeploymentPostprocessing = 0;
		};
/* End PBXFrameworksBuildPhase section */

/* Begin PBXGroup section */
		1C808CD1315CB769EF6C499C /* Frameworks */ = {
			isa = PBXGroup;
			children = (
			);
			name = Frameworks;
			sourceTree = "<group>";
		};
		8C18929C1CF0922D00A0E160 /* App Gumph */ = {
			isa = PBXGroup;
			children = (
				8C8B23801CEDD7E5008BAB68 /* AppDelegate.swift */,
				8C8B23821CEDD7E5008BAB68 /* ViewController.swift */,
				8C8B23841CEDD7E5008BAB68 /* Main.storyboard */,
				8C8B23871CEDD7E5008BAB68 /* Assets.xcassets */,
				8C8B23891CEDD7E5008BAB68 /* LaunchScreen.storyboard */,
				8C8B238C1CEDD7E5008BAB68 /* Info.plist */,
			);
			name = "App Gumph";
			sourceTree = "<group>";
		};
		8C18929D1CF0923300A0E160 /* Point of Sale */ = {
			isa = PBXGroup;
			children = (
				8C8B23A11CEDD874008BAB68 /* Sale.swift */,
			);
			name = "Point of Sale";
			sourceTree = "<group>";
		};
		8C8B23741CEDD7E5008BAB68 = {
			isa = PBXGroup;
			children = (
				8C8B237F1CEDD7E5008BAB68 /* TestDoublesSwift */,
				8C8B23941CEDD7E5008BAB68 /* TestDoublesSwiftTests */,
				8C8B237E1CEDD7E5008BAB68 /* Products */,
				1C808CD1315CB769EF6C499C /* Frameworks */,
			);
			sourceTree = "<group>";
		};
		8C8B237E1CEDD7E5008BAB68 /* Products */ = {
			isa = PBXGroup;
			children = (
				8C8B237D1CEDD7E5008BAB68 /* TestDoublesSwift.app */,
				8C8B23911CEDD7E5008BAB68 /* TestDoublesSwiftTests.xctest */,
			);
			name = Products;
			sourceTree = "<group>";
		};
		8C8B237F1CEDD7E5008BAB68 /* TestDoublesSwift */ = {
			isa = PBXGroup;
			children = (
				8C18929C1CF0922D00A0E160 /* App Gumph */,
				8C18929D1CF0923300A0E160 /* Point of Sale */,
			);
			path = TestDoublesSwift;
			sourceTree = "<group>";
		};
		8C8B23941CEDD7E5008BAB68 /* TestDoublesSwiftTests */ = {
			isa = PBXGroup;
			children = (
				8C8B23951CEDD7E5008BAB68 /* SaleTests.swift */,
				8C8B23971CEDD7E5008BAB68 /* Info.plist */,
			);
			path = TestDoublesSwiftTests;
			sourceTree = "<group>";
		};
/* End PBXGroup section */

/* Begin PBXNativeTarget section */
		8C8B237C1CEDD7E5008BAB68 /* TestDoublesSwift */ = {
			isa = PBXNativeTarget;
			buildConfigurationList = 8C8B239A1CEDD7E5008BAB68 /* Build configuration list for PBXNativeTarget "TestDoublesSwift" */;
			buildPhases = (
				8C8B23791CEDD7E5008BAB68 /* Sources */,
				8C8B237A1CEDD7E5008BAB68 /* Frameworks */,
				8C8B237B1CEDD7E5008BAB68 /* Resources */,
			);
			buildRules = (
			);
			dependencies = (
			);
			name = TestDoublesSwift;
			productName = TestDoublesSwift;
			productReference = 8C8B237D1CEDD7E5008BAB68 /* TestDoublesSwift.app */;
			productType = "com.apple.product-type.application";
		};
		8C8B23901CEDD7E5008BAB68 /* TestDoublesSwiftTests */ = {
			isa = PBXNativeTarget;
			buildConfigurationList = 8C8B239D1CEDD7E5008BAB68 /* Build configuration list for PBXNativeTarget "TestDoublesSwiftTests" */;
			buildPhases = (
				8C8B238D1CEDD7E5008BAB68 /* Sources */,
				8C8B238E1CEDD7E5008BAB68 /* Frameworks */,
				8C8B238F1CEDD7E5008BAB68 /* Resources */,
			);
			buildRules = (
			);
			dependencies = (
				8C8B23931CEDD7E5008BAB68 /* PBXTargetDependency */,
			);
			name = TestDoublesSwiftTests;
			productName = TestDoublesSwiftTests;
			productReference = 8C8B23911CEDD7E5008BAB68 /* TestDoublesSwiftTests.xctest */;
			productType = "com.apple.product-type.bundle.unit-test";
		};
/* End PBXNativeTarget section */

/* Begin PBXProject section */
		8C8B23751CEDD7E5008BAB68 /* Project object */ = {
			isa = PBXProject;
			attributes = {
				LastSwiftUpdateCheck = 0730;
				LastUpgradeCheck = 0730;
				ORGANIZATIONNAME = stringerstheory;
				TargetAttributes = {
					8C8B237C1CEDD7E5008BAB68 = {
						CreatedOnToolsVersion = 7.3.1;
					};
					8C8B23901CEDD7E5008BAB68 = {
						CreatedOnToolsVersion = 7.3.1;
						TestTargetID = 8C8B237C1CEDD7E5008BAB68;
					};
				};
			};
			buildConfigurationList = 8C8B23781CEDD7E5008BAB68 /* Build configuration list for PBXProject "TestDoublesSwift" */;
			compatibilityVersion = "Xcode 3.2";
			developmentRegion = English;
			hasScannedForEncodings = 0;
			knownRegions = (
				en,
				Base,
			);
			mainGroup = 8C8B23741CEDD7E5008BAB68;
			productRefGroup = 8C8B237E1CEDD7E5008BAB68 /* Products */;
			projectDirPath = "";
			projectRoot = "";
			targets = (
				8C8B237C1CEDD7E5008BAB68 /* TestDoublesSwift */,
				8C8B23901CEDD7E5008BAB68 /* TestDoublesSwiftTests */,
			);
		};
/* End PBXProject section */

/* Begin PBXResourcesBuildPhase section */
		8C8B237B1CEDD7E5008BAB68 /* Resources */ = {
			isa = PBXResourcesBuildPhase;
			buildActionMask = 2147483647;
			files = (
				8C8B238B1CEDD7E5008BAB68 /* LaunchScreen.storyboard in Resources */,
				8C8B23881CEDD7E5008BAB68 /* Assets.xcassets in Resources */,
				8C8B23861CEDD7E5008BAB68 /* Main.storyboard in Resources */,
			);
			runOnlyForDeploymentPostprocessing = 0;
		};
		8C8B238F1CEDD7E5008BAB68 /* Resources */ = {
			isa = PBXResourcesBuildPhase;
			buildActionMask = 2147483647;
			files = (
			);
			runOnlyForDeploymentPostprocessing = 0;
		};
/* End PBXResourcesBuildPhase section */

/* Begin PBXSourcesBuildPhase section */
		8C8B23791CEDD7E5008BAB68 /* Sources */ = {
			isa = PBXSourcesBuildPhase;
			buildActionMask = 2147483647;
			files = (
				8C8B23831CEDD7E5008BAB68 /* ViewController.swift in Sources */,
				8C8B23A21CEDD874008BAB68 /* Sale.swift in Sources */,
				8C8B23811CEDD7E5008BAB68 /* AppDelegate.swift in Sources */,
			);
			runOnlyForDeploymentPostprocessing = 0;
		};
		8C8B238D1CEDD7E5008BAB68 /* Sources */ = {
			isa = PBXSourcesBuildPhase;
			buildActionMask = 2147483647;
			files = (
				8C8B23961CEDD7E5008BAB68 /* SaleTests.swift in Sources */,
			);
			runOnlyForDeploymentPostprocessing = 0;
		};
/* End PBXSourcesBuildPhase section */

/* Begin PBXTargetDependency section */
		8C8B23931CEDD7E5008BAB68 /* PBXTargetDependency */ = {
			isa = PBXTargetDependency;
			target = 8C8B237C1CEDD7E5008BAB68 /* TestDoublesSwift */;
			targetProxy = 8C8B23921CEDD7E5008BAB68 /* PBXContainerItemProxy */;
		};
/* End PBXTargetDependency section */

/* Begin PBXVariantGroup section */
		8C8B23841CEDD7E5008BAB68 /* Main.storyboard */ = {
			isa = PBXVariantGroup;
			children = (
				8C8B23851CEDD7E5008BAB68 /* Base */,
			);
			name = Main.storyboard;
			sourceTree = "<group>";
		};
		8C8B23891CEDD7E5008BAB68 /* LaunchScreen.storyboard */ = {
			isa = PBXVariantGroup;
			children = (
				8C8B238A1CEDD7E5008BAB68 /* Base */,
			);
			name = LaunchScreen.storyboard;
			sourceTree = "<group>";
		};
/* End PBXVariantGroup section */

/* Begin XCBuildConfiguration section */
		8C8B23981CEDD7E5008BAB68 /* Debug */ = {
			isa = XCBuildConfiguration;
			buildSettings = {
				ALWAYS_SEARCH_USER_PATHS = NO;
				CLANG_ANALYZER_NONNULL = YES;
				CLANG_CXX_LANGUAGE_STANDARD = "gnu++0x";
				CLANG_CXX_LIBRARY = "libc++";
				CLANG_ENABLE_MODULES = YES;
				CLANG_ENABLE_OBJC_ARC = YES;
				CLANG_WARN_BOOL_CONVERSION = YES;
				CLANG_WARN_CONSTANT_CONVERSION = YES;
				CLANG_WARN_DIRECT_OBJC_ISA_USAGE = YES_ERROR;
				CLANG_WARN_EMPTY_BODY = YES;
				CLANG_WARN_ENUM_CONVERSION = YES;
				CLANG_WARN_INT_CONVERSION = YES;
				CLANG_WARN_OBJC_ROOT_CLASS = YES_ERROR;
				CLANG_WARN_UNREACHABLE_CODE = YES;
				CLANG_WARN__DUPLICATE_METHOD_MATCH = YES;
				"CODE_SIGN_IDENTITY[sdk=iphoneos*]" = "iPhone Developer";
				COPY_PHASE_STRIP = NO;
				DEBUG_INFORMATION_FORMAT = dwarf;
				ENABLE_STRICT_OBJC_MSGSEND = YES;
				ENABLE_TESTABILITY = YES;
				GCC_C_LANGUAGE_STANDARD = gnu99;
				GCC_DYNAMIC_NO_PIC = NO;
				GCC_NO_COMMON_BLOCKS = YES;
				GCC_OPTIMIZATION_LEVEL = 0;
				GCC_PREPROCESSOR_DEFINITIONS = (
					"DEBUG=1",
					"$(inherited)",
				);
				GCC_WARN_64_TO_32_BIT_CONVERSION = YES;
				GCC_WARN_ABOUT_RETURN_TYPE = YES_ERROR;
				GCC_WARN_UNDECLARED_SELECTOR = YES;
				GCC_WARN_UNINITIALIZED_AUTOS = YES_AGGRESSIVE;
				GCC_WARN_UNUSED_FUNCTION = YES;
				GCC_WARN_UNUSED_VARIABLE = YES;
				IPHONEOS_DEPLOYMENT_TARGET = 9.3;
				MTL_ENABLE_DEBUG_INFO = YES;
				ONLY_ACTIVE_ARCH = YES;
				SDKROOT = iphoneos;
				SWIFT_OPTIMIZATION_LEVEL = "-Onone";
			};
			name = Debug;
		};
		8C8B23991CEDD7E5008BAB68 /* Release */ = {
			isa = XCBuildConfiguration;
			buildSettings = {
				ALWAYS_SEARCH_USER_PATHS = NO;
				CLANG_ANALYZER_NONNULL = YES;
				CLANG_CXX_LANGUAGE_STANDARD = "gnu++0x";
				CLANG_CXX_LIBRARY = "libc++";
				CLANG_ENABLE_MODULES = YES;
				CLANG_ENABLE_OBJC_ARC = YES;
				CLANG_WARN_BOOL_CONVERSION = YES;
				CLANG_WARN_CONSTANT_CONVERSION = YES;
				CLANG_WARN_DIRECT_OBJC_ISA_USAGE = YES_ERROR;
				CLANG_WARN_EMPTY_BODY = YES;
				CLANG_WARN_ENUM_CONVERSION = YES;
				CLANG_WARN_INT_CONVERSION = YES;
				CLANG_WARN_OBJC_ROOT_CLASS = YES_ERROR;
				CLANG_WARN_UNREACHABLE_CODE = YES;
				CLANG_WARN__DUPLICATE_METHOD_MATCH = YES;
				"CODE_SIGN_IDENTITY[sdk=iphoneos*]" = "iPhone Developer";
				COPY_PHASE_STRIP = NO;
				DEBUG_INFORMATION_FORMAT = "dwarf-with-dsym";
				ENABLE_NS_ASSERTIONS = NO;
				ENABLE_STRICT_OBJC_MSGSEND = YES;
				GCC_C_LANGUAGE_STANDARD = gnu99;
				GCC_NO_COMMON_BLOCKS = YES;
				GCC_WARN_64_TO_32_BIT_CONVERSION = YES;
				GCC_WARN_ABOUT_RETURN_TYPE = YES_ERROR;
				GCC_WARN_UNDECLARED_SELECTOR = YES;
				GCC_WARN_UNINITIALIZED_AUTOS = YES_AGGRESSIVE;
				GCC_WARN_UNUSED_FUNCTION = YES;
				GCC_WARN_UNUSED_VARIABLE = YES;
				IPHONEOS_DEPLOYMENT_TARGET = 9.3;
				MTL_ENABLE_DEBUG_INFO = NO;
				SDKROOT = iphoneos;
				VALIDATE_PRODUCT = YES;
			};
			name = Release;
		};
		8C8B239B1CEDD7E5008BAB68 /* Debug */ = {
			isa = XCBuildConfiguration;
			buildSettings = {
				ASSETCATALOG_COMPILER_APPICON_NAME = AppIcon;
				INFOPLIST_FILE = TestDoublesSwift/Info.plist;
				LD_RUNPATH_SEARCH_PATHS = "$(inherited) @executable_path/Frameworks";
				PRODUCT_BUNDLE_IDENTIFIER = net.stringerstheory.TestDoublesSwift;
				PRODUCT_NAME = "$(TARGET_NAME)";
			};
			name = Debug;
		};
		8C8B239C1CEDD7E5008BAB68 /* Release */ = {
			isa = XCBuildConfiguration;
			buildSettings = {
				ASSETCATALOG_COMPILER_APPICON_NAME = AppIcon;
				INFOPLIST_FILE = TestDoublesSwift/Info.plist;
				LD_RUNPATH_SEARCH_PATHS = "$(inherited) @executable_path/Frameworks";
				PRODUCT_BUNDLE_IDENTIFIER = net.stringerstheory.TestDoublesSwift;
				PRODUCT_NAME = "$(TARGET_NAME)";
			};
			name = Release;
		};
		8C8B239E1CEDD7E5008BAB68 /* Debug */ = {
			isa = XCBuildConfiguration;
			buildSettings = {
				BUNDLE_LOADER = "$(TEST_HOST)";
				INFOPLIST_FILE = TestDoublesSwiftTests/Info.plist;
				LD_RUNPATH_SEARCH_PATHS = "$(inherited) @executable_path/Frameworks @loader_path/Frameworks";
				PRODUCT_BUNDLE_IDENTIFIER = net.stringerstheory.TestDoublesSwiftTests;
				PRODUCT_NAME = "$(TARGET_NAME)";
				TEST_HOST = "$(BUILT_PRODUCTS_DIR)/TestDoublesSwift.app/TestDoublesSwift";
			};
			name = Debug;
		};
		8C8B239F1CEDD7E5008BAB68 /* Release */ = {
			isa = XCBuildConfiguration;
			buildSettings = {
				BUNDLE_LOADER = "$(TEST_HOST)";
				INFOPLIST_FILE = TestDoublesSwiftTests/Info.plist;
				LD_RUNPATH_SEARCH_PATHS = "$(inherited) @executable_path/Frameworks @loader_path/Frameworks";
				PRODUCT_BUNDLE_IDENTIFIER = net.stringerstheory.TestDoublesSwiftTests;
				PRODUCT_NAME = "$(TARGET_NAME)";
				TEST_HOST = "$(BUILT_PRODUCTS_DIR)/TestDoublesSwift.app/TestDoublesSwift";
			};
			name = Release;
		};
/* End XCBuildConfiguration section */

/* Begin XCConfigurationList section */
		8C8B23781CEDD7E5008BAB68 /* Build configuration list for PBXProject "TestDoublesSwift" */ = {
			isa = XCConfigurationList;
			buildConfigurations = (
				8C8B23981CEDD7E5008BAB68 /* Debug */,
				8C8B23991CEDD7E5008BAB68 /* Release */,
			);
			defaultConfigurationIsVisible = 0;
			defaultConfigurationName = Release;
		};
		8C8B239A1CEDD7E5008BAB68 /* Build configuration list for PBXNativeTarget "TestDoublesSwift" */ = {
			isa = XCConfigurationList;
			buildConfigurations = (
				8C8B239B1CEDD7E5008BAB68 /* Debug */,
				8C8B239C1CEDD7E5008BAB68 /* Release */,
			);
			defaultConfigurationIsVisible = 0;
			defaultConfigurationName = Release;
		};
		8C8B239D1CEDD7E5008BAB68 /* Build configuration list for PBXNativeTarget "TestDoublesSwiftTests" */ = {
			isa = XCConfigurationList;
			buildConfigurations = (
				8C8B239E1CEDD7E5008BAB68 /* Debug */,
				8C8B239F1CEDD7E5008BAB68 /* Release */,
			);
			defaultConfigurationIsVisible = 0;
			defaultConfigurationName = Release;
		};
/* End XCConfigurationList section */
	};
	rootObject = 8C8B23751CEDD7E5008BAB68 /* Project object */;
}
